<?xml version="1.0" encoding="utf-8"?>
<Project ToolsVersion="4.0" xmlns="http://schemas.microsoft.com/developer/msbuild/2003">
  <ItemGroup>
    <ClCompile Include="main.cpp" />
    <ClCompile Include="Figure2D.cpp">
      <Filter>Исходные файлы</Filter>
    </ClCompile>
    <ClCompile Include="Line2D.cpp">
      <Filter>Исходные файлы</Filter>
    </ClCompile>
    <ClCompile Include="Arc2D.cpp">
      <Filter>Исходные файлы</Filter>
    </ClCompile>
    <ClCompile Include="Sector2D.cpp">
      <Filter>Исходные файлы</Filter>
    </ClCompile>
    <ClCompile Include="ShapesList.cpp">
      <Filter>Исходные файлы</Filter>
    </ClCompile>
    <ClCompile Include="TrackedLine.cpp">
      <Filter>Исходные файлы</Filter>
    </ClCompile>
    <ClCompile Include="TrackedArc.cpp">
      <Filter>Исходные файлы</Filter>
    </ClCompile>
    <ClCompile Include="TrackedSector.cpp">
      <Filter>Исходные файлы</Filter>
    </ClCompile>
  </ItemGroup>
  <ItemGroup>
    <ClInclude Include="adopt.h">
      <Filter>Файлы заголовков</Filter>
    </ClInclude>
    <ClInclude Include="Figure2D.h">
      <Filter>Файлы заголовков</Filter>
    </ClInclude>
    <ClInclude Include="Line2D.h">
      <Filter>Файлы заголовков</Filter>
    </ClInclude>
    <ClInclude Include="Arc2D.h">
      <Filter>Файлы заголовков</Filter>
    </ClInclude>
    <ClInclude Include="Sector2D.h">
      <Filter>Файлы заголовков</Filter>
    </ClInclude>
    <ClInclude Include="ShapesList.h">
      <Filter>Файлы заголовков</Filter>
    </ClInclude>
    <ClInclude Include="TrackedLine.h">
      <Filter>Файлы заголовков</Filter>
    </ClInclude>
    <ClInclude Include="TrackedArc.h">
      <Filter>Файлы заголовков</Filter>
    </ClInclude>
    <ClInclude Include="TrackedSector.h">
      <Filter>Файлы заголовков</Filter>
    </ClInclude>
  </ItemGroup>
  <ItemGroup>
    <Filter Include="Файлы заголовков">
      <UniqueIdentifier>{ca4ec4e7-87cd-4e3f-8729-753e0f2d96ff}</UniqueIdentifier>
    </Filter>
    <Filter Include="Исходные файлы">
      <UniqueIdentifier>{c4d3bb2d-4822-4d62-8c4f-ad46316ea2de}</UniqueIdentifier>
    </Filter>
  </ItemGroup>
</Project>